
Microsoft Visual Studio Solution File, Format Version 12.00
# Visual Studio Version 17
VisualStudioVersion = 17.1.32328.378
MinimumVisualStudioVersion = 10.0.40219.1
Project("{9A19103F-16F7-4668-BE54-9A1E7A4F7556}") = "WebAPITest2", "WebAPITest2\WebAPITest2.csproj", "{8EA8667A-AF84-47C4-AF54-1FF4BF3E33AA}"
EndProject
Global
	GlobalSection(SolutionConfigurationPlatforms) = preSolution
		Debug|Any CPU = Debug|Any CPU
		Release|Any CPU = Release|Any CPU
	EndGlobalSection
	GlobalSection(ProjectConfigurationPlatforms) = postSolution
		{8EA8667A-AF84-47C4-AF54-1FF4BF3E33AA}.Debug|Any CPU.ActiveCfg = Debug|Any CPU
		{8EA8667A-AF84-47C4-AF54-1FF4BF3E33AA}.Debug|Any CPU.Build.0 = Debug|Any CPU
		{8EA8667A-AF84-47C4-AF54-1FF4BF3E33AA}.Release|Any CPU.ActiveCfg = Release|Any CPU
		{8EA8667A-AF84-47C4-AF54-1FF4BF3E33AA}.Release|Any CPU.Build.0 = Release|Any CPU
	EndGlobalSection
	GlobalSection(SolutionProperties) = preSolution
		HideSolutionNode = FALSE
	EndGlobalSection
	GlobalSection(ExtensibilityGlobals) = postSolution
		SolutionGuid = {117FB486-6A86-46B8-8B67-141CBBC77B61}
	EndGlobalSection
EndGlobal
